github.com/davecgh/go-spew v1.1.0 h1:ZDRjVQ15GmhC3fiQ8ni8+OwkZQO4DARzQgrnXU1Liz8=
github.com/davecgh/go-spew v1.1.0/go.mod h1:J7Y8YcW2NihsgmVo/mv3lAwl/skON4iLHjSsI+c5H38=
github.com/pmezard/go-difflib v1.0.0 h1:4DBwDE0NGyQoBHbLQYPwSUPoCMWR5BEzIk/f1lZbAQM=
github.com/pmezard/go-difflib v1.0.0/go.mod h1:iKH77koFhYxTK1pcRnkKkqfTogsbg7gZNVY4sRDYZ/4=
github.com/segmentio/go-env v1.1.0 h1:AGJ7OnCx9M5NWpkYPGYELS6III/pFSnAs1GvKWStiEo=
github.com/segmentio/go-env v1.1.0/go.mod h1:pEKO2ieHe8zF098OMaAHw21SajMuONlnI/vJNB3pB7I=
github.com/stretchr/objx v0.1.0/go.mod h1:HFkY916IF+rwdDfMAkV7OtwuqBVzrE8GR6GFx+wExME=
github.com/stretchr/testify v1.7.0 h1:nwc3DEeHmmLAfoZucVR881uASk0Mfjw8xYJ99tb5CcY=
github.com/stretchr/testify v1.7.0/go.mod h1:6Fq8oRcR53rry900zMqJjRRixrwX3KX962/h/Wwjteg=
github.com/tj/go-dropbox v0.0.0-20171107035848-42dd2be3662d h1:kc+jLVc4Ivy9I77bYXJ1f2ZTAPInUxw7W/bqKW43g6Q=
github.com/tj/go-dropbox v0.0.0-20171107035848-42dd2be3662d/go.mod h1:+zP9ykDCb5wHDCWHCuLZ2YhDAiy42yV+HAmI2BIocBI=
github.com/ungerik/go-dry v0.0.0-20210209114055-a3e162a9e62e h1:1oi3J06qNU9zsDsXvzF4oOfezrpf4HEPX9TDfSexiZE=
github.com/ungerik/go-dry v0.0.0-20210209114055-a3e162a9e62e/go.mod h1:g61b/Pvp64yQ4oYVbcdA7qqzn1RcQIHZQuhWOVG1VHk=
github.com/ungerik/go-dry v0.0.0-20211126075843-f063768598f2 h1:s4wtkoCGcgdYyExIb8In921HrN9RVsQqmOdfMtZJUAE=
github.com/ungerik/go-dry v0.0.0-20211126075843-f063768598f2/go.mod h1:g61b/Pvp64yQ4oYVbcdA7qqzn1RcQIHZQuhWOVG1VHk=
gopkg.in/check.v1 v0.0.0-20161208181325-20d25e280405 h1:yhCVgyC4o1eVCa2tZl7eS0r+SDo693bJlVdllGtEeKM=
gopkg.in/check.v1 v0.0.0-20161208181325-20d25e280405/go.mod h1:Co6ibVJAznAaIkqp8huTwlJQCZ016jof/cbN4VW5Yz0=
gopkg.in/yaml.v3 v3.0.0-20200313102051-9f266ea9e77c h1:dUUwHk2QECo/6vqA44rthZ8ie2QXMNeKRTHCNY2nXvo=
gopkg.in/yaml.v3 v3.0.0-20200313102051-9f266ea9e77c/go.mod h1:K4uyk7z7BCEPqu6E+C64Yfv1cQ7kz7rIZviUmN+EgEM=
